
Microsoft Visual Studio Solution File, Format Version 11.00
# Visual Studio 2010
Project("{FAE04EC0-301F-11D3-BF4B-00C04F79EFBC}") = "Assembly-CSharp", "Assembly-CSharp.csproj", "{84392DD7-D68C-4A97-EF76-E6429EA06398}"
EndProject
Project("{FAE04EC0-301F-11D3-BF4B-00C04F79EFBC}") = "Assembly-CSharp-Editor", "Assembly-CSharp-Editor.csproj", "{27B2C4EE-D875-6452-3FA4-BF5956B4CFDD}"
EndProject
Global
	GlobalSection(SolutionConfigurationPlatforms) = preSolution
		Debug|Any CPU = Debug|Any CPU
		Release|Any CPU = Release|Any CPU
	EndGlobalSection
	GlobalSection(ProjectConfigurationPlatforms) = postSolution
		{84392DD7-D68C-4A97-EF76-E6429EA06398}.Debug|Any CPU.ActiveCfg = Debug|Any CPU
		{84392DD7-D68C-4A97-EF76-E6429EA06398}.Debug|Any CPU.Build.0 = Debug|Any CPU
		{84392DD7-D68C-4A97-EF76-E6429EA06398}.Release|Any CPU.ActiveCfg = Release|Any CPU
		{84392DD7-D68C-4A97-EF76-E6429EA06398}.Release|Any CPU.Build.0 = Release|Any CPU
		{27B2C4EE-D875-6452-3FA4-BF5956B4CFDD}.Debug|Any CPU.ActiveCfg = Debug|Any CPU
		{27B2C4EE-D875-6452-3FA4-BF5956B4CFDD}.Debug|Any CPU.Build.0 = Debug|Any CPU
		{27B2C4EE-D875-6452-3FA4-BF5956B4CFDD}.Release|Any CPU.ActiveCfg = Release|Any CPU
		{27B2C4EE-D875-6452-3FA4-BF5956B4CFDD}.Release|Any CPU.Build.0 = Release|Any CPU
	EndGlobalSection
	GlobalSection(SolutionProperties) = preSolution
		HideSolutionNode = FALSE
	EndGlobalSection
EndGlobal
